{
  "requires": true,
  "lockfileVersion": 1,
  "dependencies": {
    "dal-palindrome-js": {
      "version": "0.1.0",
      "resolved": "https://registry.npmjs.org/dal-palindrome-js/-/dal-palindrome-js-0.1.0.tgz",
      "integrity": "sha512-ET++i9/CqfvT1qyzTwJpoDFMFzkSmr51WAwaTH77Ss6BRjpiY57dT83p5dSwYMuyaub8jVpBJ9eCrTPKfQkHcg=="
    }
  }
}
