{
  "requires": true,
  "lockfileVersion": 1,
  "dependencies": {
    "dal-palindrome-js": {
      "version": "0.2.0",
      "resolved": "https://registry.npmjs.org/dal-palindrome-js/-/dal-palindrome-js-0.2.0.tgz",
      "integrity": "sha512-3e75PnE6I6Gx81zgGS5z2QScf1ADXuZZNMs4TPqOwB1isDdcJnV9W1/tLwGUFquWvTmVqX8SgGxuRJ4prrM+1A=="
    }
  }
}
